
Microsoft Visual Studio Solution File, Format Version 12.00
# Visual Studio Version 17
VisualStudioVersion = 17.4.33122.133
MinimumVisualStudioVersion = 10.0.40219.1
Project("{FAE04EC0-301F-11D3-BF4B-00C04F79EFBC}") = "KeysDemoDb", "KeysDemoDb\KeysDemoDb.csproj", "{64827F3E-1099-4E6F-8761-C58D4DAE0472}"
EndProject
Global
	GlobalSection(SolutionConfigurationPlatforms) = preSolution
		Debug|Any CPU = Debug|Any CPU
		Release|Any CPU = Release|Any CPU
	EndGlobalSection
	GlobalSection(ProjectConfigurationPlatforms) = postSolution
		{64827F3E-1099-4E6F-8761-C58D4DAE0472}.Debug|Any CPU.ActiveCfg = Debug|Any CPU
		{64827F3E-1099-4E6F-8761-C58D4DAE0472}.Debug|Any CPU.Build.0 = Debug|Any CPU
		{64827F3E-1099-4E6F-8761-C58D4DAE0472}.Release|Any CPU.ActiveCfg = Release|Any CPU
		{64827F3E-1099-4E6F-8761-C58D4DAE0472}.Release|Any CPU.Build.0 = Release|Any CPU
	EndGlobalSection
	GlobalSection(SolutionProperties) = preSolution
		HideSolutionNode = FALSE
	EndGlobalSection
	GlobalSection(ExtensibilityGlobals) = postSolution
		SolutionGuid = {CDFAE3EF-8AF3-47C2-99F6-2BB8B6C12DAC}
	EndGlobalSection
EndGlobal
